
Microsoft Visual Studio Solution File, Format Version 11.00
# Visual Studio 2010
Project("{FAE04EC0-301F-11D3-BF4B-00C04F79EFBC}") = "Prototype_example", "Prototype_example\Prototype_example.csproj", "{F6DC2440-7F1E-4506-9354-C260BDD91199}"
EndProject
Global
	GlobalSection(SolutionConfigurationPlatforms) = preSolution
		Debug|x86 = Debug|x86
		Release|x86 = Release|x86
	EndGlobalSection
	GlobalSection(ProjectConfigurationPlatforms) = postSolution
		{F6DC2440-7F1E-4506-9354-C260BDD91199}.Debug|x86.ActiveCfg = Debug|x86
		{F6DC2440-7F1E-4506-9354-C260BDD91199}.Debug|x86.Build.0 = Debug|x86
		{F6DC2440-7F1E-4506-9354-C260BDD91199}.Release|x86.ActiveCfg = Release|x86
		{F6DC2440-7F1E-4506-9354-C260BDD91199}.Release|x86.Build.0 = Release|x86
	EndGlobalSection
	GlobalSection(SolutionProperties) = preSolution
		HideSolutionNode = FALSE
	EndGlobalSection
EndGlobal
